
Microsoft Visual Studio Solution File, Format Version 12.00
# Visual Studio Version 17
VisualStudioVersion = 17.6.33815.320
MinimumVisualStudioVersion = 10.0.40219.1
Project("{FAE04EC0-301F-11D3-BF4B-00C04F79EFBC}") = "Saint Gobain Project", "Saint Gobain Project\Saint Gobain Project.csproj", "{42845E63-733B-4C4F-831D-9BA30A9DB0B9}"
EndProject
Global
	GlobalSection(SolutionConfigurationPlatforms) = preSolution
		Debug|Any CPU = Debug|Any CPU
		Release|Any CPU = Release|Any CPU
	EndGlobalSection
	GlobalSection(ProjectConfigurationPlatforms) = postSolution
		{42845E63-733B-4C4F-831D-9BA30A9DB0B9}.Debug|Any CPU.ActiveCfg = Debug|Any CPU
		{42845E63-733B-4C4F-831D-9BA30A9DB0B9}.Debug|Any CPU.Build.0 = Debug|Any CPU
		{42845E63-733B-4C4F-831D-9BA30A9DB0B9}.Release|Any CPU.ActiveCfg = Release|Any CPU
		{42845E63-733B-4C4F-831D-9BA30A9DB0B9}.Release|Any CPU.Build.0 = Release|Any CPU
	EndGlobalSection
	GlobalSection(SolutionProperties) = preSolution
		HideSolutionNode = FALSE
	EndGlobalSection
	GlobalSection(ExtensibilityGlobals) = postSolution
		SolutionGuid = {5F8EFCC4-0488-478B-BB6C-5B51C67900F0}
	EndGlobalSection
EndGlobal
